
Microsoft Visual Studio Solution File, Format Version 12.00
# Visual Studio 15
VisualStudioVersion = 15.0.27703.2026
MinimumVisualStudioVersion = 10.0.40219.1
Project("{9A19103F-16F7-4668-BE54-9A1E7A4F7556}") = "ZRui.Web.SMSImp", "src\ZRui.Web.SMS\ZRui.Web.SMSImp.csproj", "{0ED2A01A-69A1-4C6A-A517-B4E7F8867007}"
EndProject
Project("{9A19103F-16F7-4668-BE54-9A1E7A4F7556}") = "NotificationMSTest", "MSTest\NotificationMSTest\NotificationMSTest.csproj", "{A5E01713-79BF-4505-B65D-2BF1D0F706E1}"
EndProject
Global
	GlobalSection(SolutionConfigurationPlatforms) = preSolution
		Debug|Any CPU = Debug|Any CPU
		Release|Any CPU = Release|Any CPU
	EndGlobalSection
	GlobalSection(ProjectConfigurationPlatforms) = postSolution
		{0ED2A01A-69A1-4C6A-A517-B4E7F8867007}.Debug|Any CPU.ActiveCfg = Debug|Any CPU
		{0ED2A01A-69A1-4C6A-A517-B4E7F8867007}.Debug|Any CPU.Build.0 = Debug|Any CPU
		{0ED2A01A-69A1-4C6A-A517-B4E7F8867007}.Release|Any CPU.ActiveCfg = Release|Any CPU
		{0ED2A01A-69A1-4C6A-A517-B4E7F8867007}.Release|Any CPU.Build.0 = Release|Any CPU
		{A5E01713-79BF-4505-B65D-2BF1D0F706E1}.Debug|Any CPU.ActiveCfg = Debug|Any CPU
		{A5E01713-79BF-4505-B65D-2BF1D0F706E1}.Debug|Any CPU.Build.0 = Debug|Any CPU
		{A5E01713-79BF-4505-B65D-2BF1D0F706E1}.Release|Any CPU.ActiveCfg = Release|Any CPU
		{A5E01713-79BF-4505-B65D-2BF1D0F706E1}.Release|Any CPU.Build.0 = Release|Any CPU
	EndGlobalSection
	GlobalSection(SolutionProperties) = preSolution
		HideSolutionNode = FALSE
	EndGlobalSection
	GlobalSection(ExtensibilityGlobals) = postSolution
		SolutionGuid = {F66A46BA-02C8-4965-8519-73F7C59B51E9}
	EndGlobalSection
EndGlobal
